
Microsoft Visual Studio Solution File, Format Version 12.00
# Visual Studio Version 17
VisualStudioVersion = 17.2.32630.192
MinimumVisualStudioVersion = 10.0.40219.1
Project("{FAE04EC0-301F-11D3-BF4B-00C04F79EFBC}") = "JaysMod", "JaysMod\JaysMod.csproj", "{495DAB6A-D263-4CFD-9081-B02AC914543C}"
EndProject
Project("{FAE04EC0-301F-11D3-BF4B-00C04F79EFBC}") = "JaysModFramework", "JaysModFramework\JaysModFramework.csproj", "{EB875A17-FDF2-4B61-AD7E-C927FB029CEC}"
EndProject
Project("{FAE04EC0-301F-11D3-BF4B-00C04F79EFBC}") = "JaysModFramework.Tests", "JaysModFramework.Tests\JaysModFramework.Tests.csproj", "{98DC7F3F-81A4-41C5-921F-B9651823161E}"
EndProject
Project("{FAE04EC0-301F-11D3-BF4B-00C04F79EFBC}") = "OOD.Collections", "OOD.Collections\OOD.Collections.csproj", "{F8FDFF28-A1E4-4B60-BD56-FD76E0541688}"
EndProject
Project("{FAE04EC0-301F-11D3-BF4B-00C04F79EFBC}") = "OOD.Collections.Tests", "OOD.Collections.Tests\OOD.Collections.Tests.csproj", "{AE0CEE30-1CB5-437D-9943-357E0434CAC6}"
EndProject
Global
	GlobalSection(SolutionConfigurationPlatforms) = preSolution
		Debug|Any CPU = Debug|Any CPU
		Debug|x64 = Debug|x64
		Debug|x86 = Debug|x86
		Release|Any CPU = Release|Any CPU
		Release|x64 = Release|x64
		Release|x86 = Release|x86
	EndGlobalSection
	GlobalSection(ProjectConfigurationPlatforms) = postSolution
		{495DAB6A-D263-4CFD-9081-B02AC914543C}.Debug|Any CPU.ActiveCfg = Debug|Any CPU
		{495DAB6A-D263-4CFD-9081-B02AC914543C}.Debug|Any CPU.Build.0 = Debug|Any CPU
		{495DAB6A-D263-4CFD-9081-B02AC914543C}.Debug|x64.ActiveCfg = Debug|x86
		{495DAB6A-D263-4CFD-9081-B02AC914543C}.Debug|x64.Build.0 = Debug|x86
		{495DAB6A-D263-4CFD-9081-B02AC914543C}.Debug|x86.ActiveCfg = Debug|Any CPU
		{495DAB6A-D263-4CFD-9081-B02AC914543C}.Debug|x86.Build.0 = Debug|Any CPU
		{495DAB6A-D263-4CFD-9081-B02AC914543C}.Release|Any CPU.ActiveCfg = Release|Any CPU
		{495DAB6A-D263-4CFD-9081-B02AC914543C}.Release|Any CPU.Build.0 = Release|Any CPU
		{495DAB6A-D263-4CFD-9081-B02AC914543C}.Release|x64.ActiveCfg = Release|x64
		{495DAB6A-D263-4CFD-9081-B02AC914543C}.Release|x64.Build.0 = Release|x64
		{495DAB6A-D263-4CFD-9081-B02AC914543C}.Release|x86.ActiveCfg = Release|x86
		{495DAB6A-D263-4CFD-9081-B02AC914543C}.Release|x86.Build.0 = Release|x86
		{EB875A17-FDF2-4B61-AD7E-C927FB029CEC}.Debug|Any CPU.ActiveCfg = Debug|Any CPU
		{EB875A17-FDF2-4B61-AD7E-C927FB029CEC}.Debug|Any CPU.Build.0 = Debug|Any CPU
		{EB875A17-FDF2-4B61-AD7E-C927FB029CEC}.Debug|x64.ActiveCfg = Debug|Any CPU
		{EB875A17-FDF2-4B61-AD7E-C927FB029CEC}.Debug|x64.Build.0 = Debug|Any CPU
		{EB875A17-FDF2-4B61-AD7E-C927FB029CEC}.Debug|x86.ActiveCfg = Debug|Any CPU
		{EB875A17-FDF2-4B61-AD7E-C927FB029CEC}.Debug|x86.Build.0 = Debug|Any CPU
		{EB875A17-FDF2-4B61-AD7E-C927FB029CEC}.Release|Any CPU.ActiveCfg = Release|Any CPU
		{EB875A17-FDF2-4B61-AD7E-C927FB029CEC}.Release|Any CPU.Build.0 = Release|Any CPU
		{EB875A17-FDF2-4B61-AD7E-C927FB029CEC}.Release|x64.ActiveCfg = Release|Any CPU
		{EB875A17-FDF2-4B61-AD7E-C927FB029CEC}.Release|x64.Build.0 = Release|Any CPU
		{EB875A17-FDF2-4B61-AD7E-C927FB029CEC}.Release|x86.ActiveCfg = Release|Any CPU
		{EB875A17-FDF2-4B61-AD7E-C927FB029CEC}.Release|x86.Build.0 = Release|Any CPU
		{98DC7F3F-81A4-41C5-921F-B9651823161E}.Debug|Any CPU.ActiveCfg = Debug|Any CPU
		{98DC7F3F-81A4-41C5-921F-B9651823161E}.Debug|Any CPU.Build.0 = Debug|Any CPU
		{98DC7F3F-81A4-41C5-921F-B9651823161E}.Debug|x64.ActiveCfg = Debug|Any CPU
		{98DC7F3F-81A4-41C5-921F-B9651823161E}.Debug|x64.Build.0 = Debug|Any CPU
		{98DC7F3F-81A4-41C5-921F-B9651823161E}.Debug|x86.ActiveCfg = Debug|Any CPU
		{98DC7F3F-81A4-41C5-921F-B9651823161E}.Debug|x86.Build.0 = Debug|Any CPU
		{98DC7F3F-81A4-41C5-921F-B9651823161E}.Release|Any CPU.ActiveCfg = Release|Any CPU
		{98DC7F3F-81A4-41C5-921F-B9651823161E}.Release|Any CPU.Build.0 = Release|Any CPU
		{98DC7F3F-81A4-41C5-921F-B9651823161E}.Release|x64.ActiveCfg = Release|Any CPU
		{98DC7F3F-81A4-41C5-921F-B9651823161E}.Release|x64.Build.0 = Release|Any CPU
		{98DC7F3F-81A4-41C5-921F-B9651823161E}.Release|x86.ActiveCfg = Release|Any CPU
		{98DC7F3F-81A4-41C5-921F-B9651823161E}.Release|x86.Build.0 = Release|Any CPU
		{F8FDFF28-A1E4-4B60-BD56-FD76E0541688}.Debug|Any CPU.ActiveCfg = Debug|Any CPU
		{F8FDFF28-A1E4-4B60-BD56-FD76E0541688}.Debug|Any CPU.Build.0 = Debug|Any CPU
		{F8FDFF28-A1E4-4B60-BD56-FD76E0541688}.Debug|x64.ActiveCfg = Debug|Any CPU
		{F8FDFF28-A1E4-4B60-BD56-FD76E0541688}.Debug|x64.Build.0 = Debug|Any CPU
		{F8FDFF28-A1E4-4B60-BD56-FD76E0541688}.Debug|x86.ActiveCfg = Debug|Any CPU
		{F8FDFF28-A1E4-4B60-BD56-FD76E0541688}.Debug|x86.Build.0 = Debug|Any CPU
		{F8FDFF28-A1E4-4B60-BD56-FD76E0541688}.Release|Any CPU.ActiveCfg = Release|Any CPU
		{F8FDFF28-A1E4-4B60-BD56-FD76E0541688}.Release|Any CPU.Build.0 = Release|Any CPU
		{F8FDFF28-A1E4-4B60-BD56-FD76E0541688}.Release|x64.ActiveCfg = Release|Any CPU
		{F8FDFF28-A1E4-4B60-BD56-FD76E0541688}.Release|x64.Build.0 = Release|Any CPU
		{F8FDFF28-A1E4-4B60-BD56-FD76E0541688}.Release|x86.ActiveCfg = Release|Any CPU
		{F8FDFF28-A1E4-4B60-BD56-FD76E0541688}.Release|x86.Build.0 = Release|Any CPU
		{AE0CEE30-1CB5-437D-9943-357E0434CAC6}.Debug|Any CPU.ActiveCfg = Debug|Any CPU
		{AE0CEE30-1CB5-437D-9943-357E0434CAC6}.Debug|Any CPU.Build.0 = Debug|Any CPU
		{AE0CEE30-1CB5-437D-9943-357E0434CAC6}.Debug|x64.ActiveCfg = Debug|Any CPU
		{AE0CEE30-1CB5-437D-9943-357E0434CAC6}.Debug|x64.Build.0 = Debug|Any CPU
		{AE0CEE30-1CB5-437D-9943-357E0434CAC6}.Debug|x86.ActiveCfg = Debug|Any CPU
		{AE0CEE30-1CB5-437D-9943-357E0434CAC6}.Debug|x86.Build.0 = Debug|Any CPU
		{AE0CEE30-1CB5-437D-9943-357E0434CAC6}.Release|Any CPU.ActiveCfg = Release|Any CPU
		{AE0CEE30-1CB5-437D-9943-357E0434CAC6}.Release|Any CPU.Build.0 = Release|Any CPU
		{AE0CEE30-1CB5-437D-9943-357E0434CAC6}.Release|x64.ActiveCfg = Release|Any CPU
		{AE0CEE30-1CB5-437D-9943-357E0434CAC6}.Release|x64.Build.0 = Release|Any CPU
		{AE0CEE30-1CB5-437D-9943-357E0434CAC6}.Release|x86.ActiveCfg = Release|Any CPU
		{AE0CEE30-1CB5-437D-9943-357E0434CAC6}.Release|x86.Build.0 = Release|Any CPU
	EndGlobalSection
	GlobalSection(SolutionProperties) = preSolution
		HideSolutionNode = FALSE
	EndGlobalSection
	GlobalSection(ExtensibilityGlobals) = postSolution
		SolutionGuid = {C2592D73-7955-47E7-9B91-3454A8B9715A}
	EndGlobalSection
EndGlobal
